PODS:
  - RMRPullToRefresh (0.1)

DEPENDENCIES:
  - RMRPullToRefresh (from `https://github.com/imerkulov/RMRPullToRefresh.git`)

EXTERNAL SOURCES:
  RMRPullToRefresh:
    :git: https://github.com/imerkulov/RMRPullToRefresh.git

CHECKOUT OPTIONS:
  RMRPullToRefresh:
    :commit: 1458091a10cac08e3bdc5e5f5b562388c3d4212d
    :git: https://github.com/imerkulov/RMRPullToRefresh.git

SPEC CHECKSUMS:
  RMRPullToRefresh: 708136c938e83b8ad8c4af68c318a181b78d4090

COCOAPODS: 0.39.0
